
Microsoft Visual Studio Solution File, Format Version 12.00
# Visual Studio Version 16
VisualStudioVersion = 16.0.29613.14
MinimumVisualStudioVersion = 10.0.40219.1
Project("{FAE04EC0-301F-11D3-BF4B-00C04F79EFBC}") = "CurrencyConverter", "CurrencyExchanger\CurrencyConverter.csproj", "{CE4BECB0-2148-4BC7-98E3-8CFAB9CB12EF}"
EndProject
Global
	GlobalSection(SolutionConfigurationPlatforms) = preSolution
		Debug|Any CPU = Debug|Any CPU
		Release|Any CPU = Release|Any CPU
	EndGlobalSection
	GlobalSection(ProjectConfigurationPlatforms) = postSolution
		{CE4BECB0-2148-4BC7-98E3-8CFAB9CB12EF}.Debug|Any CPU.ActiveCfg = Debug|Any CPU
		{CE4BECB0-2148-4BC7-98E3-8CFAB9CB12EF}.Debug|Any CPU.Build.0 = Debug|Any CPU
		{CE4BECB0-2148-4BC7-98E3-8CFAB9CB12EF}.Release|Any CPU.ActiveCfg = Release|Any CPU
		{CE4BECB0-2148-4BC7-98E3-8CFAB9CB12EF}.Release|Any CPU.Build.0 = Release|Any CPU
	EndGlobalSection
	GlobalSection(SolutionProperties) = preSolution
		HideSolutionNode = FALSE
	EndGlobalSection
	GlobalSection(ExtensibilityGlobals) = postSolution
		SolutionGuid = {8774B2D4-35B0-458F-AB59-05B88FEDD872}
	EndGlobalSection
EndGlobal
